
Microsoft Visual Studio Solution File, Format Version 12.00
# Visual Studio 15
VisualStudioVersion = 15.0.28307.852
MinimumVisualStudioVersion = 10.0.40219.1
Project("{8BC9CEB8-8B4A-11D0-8D11-00A0C91BC942}") = "TemporaryNameRenderer", "TemporaryNameRenderer\TemporaryNameRenderer.vcxproj", "{BE7D6433-0069-419E-AE0C-5A7D3F8E11A1}"
EndProject
Global
	GlobalSection(SolutionConfigurationPlatforms) = preSolution
		Debug|x64 = Debug|x64
		Release|x64 = Release|x64
	EndGlobalSection
	GlobalSection(ProjectConfigurationPlatforms) = postSolution
		{BE7D6433-0069-419E-AE0C-5A7D3F8E11A1}.Debug|x64.ActiveCfg = Debug|x64
		{BE7D6433-0069-419E-AE0C-5A7D3F8E11A1}.Debug|x64.Build.0 = Debug|x64
		{BE7D6433-0069-419E-AE0C-5A7D3F8E11A1}.Release|x64.ActiveCfg = Release|x64
		{BE7D6433-0069-419E-AE0C-5A7D3F8E11A1}.Release|x64.Build.0 = Release|x64
	EndGlobalSection
	GlobalSection(SolutionProperties) = preSolution
		HideSolutionNode = FALSE
	EndGlobalSection
	GlobalSection(ExtensibilityGlobals) = postSolution
		SolutionGuid = {AF85DC9E-AC28-4645-9743-483EAEAEE618}
	EndGlobalSection
EndGlobal
